github.com/pritunl/tools v1.2.6 h1:rxqJjmLEHc/SLf8wjWpZX0J+2JoRO0ShbMZ/R19efY8=
github.com/pritunl/tools v1.2.6/go.mod h1:BiNzTb2ZCesQ5k/Mx0mhOwGXNJNdZk+4jqg39GjRXKU=
golang.org/x/crypto v0.45.0 h1:jMBrvKuj23MTlT0bQEOBcAE0mjg8mK9RXFhRH6nyF3Q=
golang.org/x/crypto v0.45.0/go.mod h1:XTGrrkGJve7CYK7J8PEww4aY7gM3qMCElcJQ8n8JdX4=
golang.org/x/sys v0.38.0 h1:3yZWxaJjBmCWXqhN1qh02AkOnCQ1poK6oF+a7xWL6Gc=
golang.org/x/sys v0.38.0/go.mod h1:OgkHotnGiDImocRcuBABYBEXf8A9a87e/uXjp9XT3ks=
