github.com/pritunl/tools v1.2.6 h1:rxqJjmLEHc/SLf8wjWpZX0J+2JoRO0ShbMZ/R19efY8=
github.com/pritunl/tools v1.2.6/go.mod h1:BiNzTb2ZCesQ5k/Mx0mhOwGXNJNdZk+4jqg39GjRXKU=
golang.org/x/crypto v0.57.0 h1:3ZVCjf8Ggz7zneR/EHRVx68Ctf+2pmIMP2UFhh9cC6M=
golang.org/x/crypto v0.57.0/go.mod h1:Fdz0i5U6CoizGwLda9DttjSk6qlZo25zYNtR+ycvuZA=
golang.org/x/sys v0.48.0 h1:bbX/i/6MgT9BVLM9RT1thmxL04yeTAhbEz4SyadbXoo=
golang.org/x/sys v0.48.0/go.mod h1:hNLxWAXmnKAxqDtdwIYC4bM9oQPEecfsnNMuSxOs3og=
